// !$*UTF8*$!
{
	archiveVersion = 1;
	classes = {
	};
	objectVersion = 50;
	objects = {

/* Begin PBXBuildFile section */
		234528ECADBB4F5A6DC7E14C /* Pods_CashMove.framework in Frameworks */ = {isa = PBXBuildFile; fileRef = 72F7EA5CE48A75273D85744F /* Pods_CashMove.framework */; };
		B7AC0BA7222282EA00604360 /* AppDelegate.swift in Sources */ = {isa = PBXBuildFile; fileRef = B7AC0BA6222282EA00604360 /* AppDelegate.swift */; };
		B7AC0BA9222282EA00604360 /* ProfileViewController.swift in Sources */ = {isa = PBXBuildFile; fileRef = B7AC0BA8222282EA00604360 /* ProfileViewController.swift */; };
		B7AC0BAB222282EA00604360 /* CategoriesViewController.swift in Sources */ = {isa = PBXBuildFile; fileRef = B7AC0BAA222282EA00604360 /* CategoriesViewController.swift */; };
		B7AC0BAE222282EA00604360 /* Main.storyboard in Resources */ = {isa = PBXBuildFile; fileRef = B7AC0BAC222282EA00604360 /* Main.storyboard */; };
		B7AC0BB0222282EB00604360 /* Assets.xcassets in Resources */ = {isa = PBXBuildFile; fileRef = B7AC0BAF222282EB00604360 /* Assets.xcassets */; };
		B7AC0BB3222282EB00604360 /* LaunchScreen.storyboard in Resources */ = {isa = PBXBuildFile; fileRef = B7AC0BB1222282EB00604360 /* LaunchScreen.storyboard */; };
		B7AC0BBB2222979C00604360 /* ReceiptsViewController.swift in Sources */ = {isa = PBXBuildFile; fileRef = B7AC0BBA2222979C00604360 /* ReceiptsViewController.swift */; };
		B7AC0BBD222297A800604360 /* PlacesViewController.swift in Sources */ = {isa = PBXBuildFile; fileRef = B7AC0BBC222297A800604360 /* PlacesViewController.swift */; };
		B7AC0BC12222B0E700604360 /* CameraButton.swift in Sources */ = {isa = PBXBuildFile; fileRef = B7AC0BC02222B0E700604360 /* CameraButton.swift */; };
/* End PBXBuildFile section */

/* Begin PBXFileReference section */
		72F7EA5CE48A75273D85744F /* Pods_CashMove.framework */ = {isa = PBXFileReference; explicitFileType = wrapper.framework; includeInIndex = 0; path = Pods_CashMove.framework; sourceTree = BUILT_PRODUCTS_DIR; };
		7755AC52B67A1D30F3E93362 /* Pods-CashMove.release.xcconfig */ = {isa = PBXFileReference; includeInIndex = 1; lastKnownFileType = text.xcconfig; name = "Pods-CashMove.release.xcconfig"; path = "Pods/Target Support Files/Pods-CashMove/Pods-CashMove.release.xcconfig"; sourceTree = "<group>"; };
		776086DE75D411772489E2E8 /* Pods-CashMove.debug.xcconfig */ = {isa = PBXFileReference; includeInIndex = 1; lastKnownFileType = text.xcconfig; name = "Pods-CashMove.debug.xcconfig"; path = "Pods/Target Support Files/Pods-CashMove/Pods-CashMove.debug.xcconfig"; sourceTree = "<group>"; };
		B7AC0BA3222282EA00604360 /* CashMove.app */ = {isa = PBXFileReference; explicitFileType = wrapper.application; includeInIndex = 0; path = CashMove.app; sourceTree = BUILT_PRODUCTS_DIR; };
		B7AC0BA6222282EA00604360 /* AppDelegate.swift */ = {isa = PBXFileReference; lastKnownFileType = sourcecode.swift; path = AppDelegate.swift; sourceTree = "<group>"; };
		B7AC0BA8222282EA00604360 /* ProfileViewController.swift */ = {isa = PBXFileReference; lastKnownFileType = sourcecode.swift; path = ProfileViewController.swift; sourceTree = "<group>"; };
		B7AC0BAA222282EA00604360 /* CategoriesViewController.swift */ = {isa = PBXFileReference; lastKnownFileType = sourcecode.swift; path = CategoriesViewController.swift; sourceTree = "<group>"; };
		B7AC0BAD222282EA00604360 /* Base */ = {isa = PBXFileReference; lastKnownFileType = file.storyboard; name = Base; path = Base.lproj/Main.storyboard; sourceTree = "<group>"; };
		B7AC0BAF222282EB00604360 /* Assets.xcassets */ = {isa = PBXFileReference; lastKnownFileType = folder.assetcatalog; path = Assets.xcassets; sourceTree = "<group>"; };
		B7AC0BB2222282EB00604360 /* Base */ = {isa = PBXFileReference; lastKnownFileType = file.storyboard; name = Base; path = Base.lproj/LaunchScreen.storyboard; sourceTree = "<group>"; };
		B7AC0BB4222282EB00604360 /* Info.plist */ = {isa = PBXFileReference; lastKnownFileType = text.plist.xml; path = Info.plist; sourceTree = "<group>"; };
		B7AC0BBA2222979C00604360 /* ReceiptsViewController.swift */ = {isa = PBXFileReference; lastKnownFileType = sourcecode.swift; path = ReceiptsViewController.swift; sourceTree = "<group>"; };
		B7AC0BBC222297A800604360 /* PlacesViewController.swift */ = {isa = PBXFileReference; lastKnownFileType = sourcecode.swift; path = PlacesViewController.swift; sourceTree = "<group>"; };
		B7AC0BC02222B0E700604360 /* CameraButton.swift */ = {isa = PBXFileReference; lastKnownFileType = sourcecode.swift; path = CameraButton.swift; sourceTree = "<group>"; };
/* End PBXFileReference section */

/* Begin PBXFrameworksBuildPhase section */
		B7AC0BA0222282EA00604360 /* Frameworks */ = {
			isa = PBXFrameworksBuildPhase;
			buildActionMask = 2147483647;
			files = (
				234528ECADBB4F5A6DC7E14C /* Pods_CashMove.framework in Frameworks */,
			);
			runOnlyForDeploymentPostprocessing = 0;
		};
/* End PBXFrameworksBuildPhase section */

/* Begin PBXGroup section */
		749DA263B6E10E71DB37581A /* Pods */ = {
			isa = PBXGroup;
			children = (
				776086DE75D411772489E2E8 /* Pods-CashMove.debug.xcconfig */,
				7755AC52B67A1D30F3E93362 /* Pods-CashMove.release.xcconfig */,
			);
			name = Pods;
			sourceTree = "<group>";
		};
		B7AC0B9A222282EA00604360 = {
			isa = PBXGroup;
			children = (
				B7AC0BA5222282EA00604360 /* CashMove */,
				B7AC0BA4222282EA00604360 /* Products */,
				749DA263B6E10E71DB37581A /* Pods */,
				FAA2E20C3218BDA2D4EDCDEF /* Frameworks */,
			);
			sourceTree = "<group>";
		};
		B7AC0BA4222282EA00604360 /* Products */ = {
			isa = PBXGroup;
			children = (
				B7AC0BA3222282EA00604360 /* CashMove.app */,
			);
			name = Products;
			sourceTree = "<group>";
		};
		B7AC0BA5222282EA00604360 /* CashMove */ = {
			isa = PBXGroup;
			children = (
				B7AC0BBE22229BD800604360 /* Controllers */,
				B7AC0BBF22229BE900604360 /* Views */,
				B7AC0BC22222B0F200604360 /* Utilities */,
				B7AC0BA6222282EA00604360 /* AppDelegate.swift */,
				B7AC0BAF222282EB00604360 /* Assets.xcassets */,
				B7AC0BB4222282EB00604360 /* Info.plist */,
			);
			path = CashMove;
			sourceTree = "<group>";
		};
		B7AC0BBE22229BD800604360 /* Controllers */ = {
			isa = PBXGroup;
			children = (
				B7AC0BA8222282EA00604360 /* ProfileViewController.swift */,
				B7AC0BAA222282EA00604360 /* CategoriesViewController.swift */,
				B7AC0BBA2222979C00604360 /* ReceiptsViewController.swift */,
				B7AC0BBC222297A800604360 /* PlacesViewController.swift */,
			);
			path = Controllers;
			sourceTree = "<group>";
		};
		B7AC0BBF22229BE900604360 /* Views */ = {
			isa = PBXGroup;
			children = (
				B7AC0BAC222282EA00604360 /* Main.storyboard */,
				B7AC0BB1222282EB00604360 /* LaunchScreen.storyboard */,
			);
			path = Views;
			sourceTree = "<group>";
		};
		B7AC0BC22222B0F200604360 /* Utilities */ = {
			isa = PBXGroup;
			children = (
				B7AC0BC02222B0E700604360 /* CameraButton.swift */,
			);
			path = Utilities;
			sourceTree = "<group>";
		};
		FAA2E20C3218BDA2D4EDCDEF /* Frameworks */ = {
			isa = PBXGroup;
			children = (
				72F7EA5CE48A75273D85744F /* Pods_CashMove.framework */,
			);
			name = Frameworks;
			sourceTree = "<group>";
		};
/* End PBXGroup section */

/* Begin PBXNativeTarget section */
		B7AC0BA2222282EA00604360 /* CashMove */ = {
			isa = PBXNativeTarget;
			buildConfigurationList = B7AC0BB7222282EB00604360 /* Build configuration list for PBXNativeTarget "CashMove" */;
			buildPhases = (
				79D5864177468F31C5987A82 /* [CP] Check Pods Manifest.lock */,
				B7AC0B9F222282EA00604360 /* Sources */,
				B7AC0BA0222282EA00604360 /* Frameworks */,
				B7AC0BA1222282EA00604360 /* Resources */,
				B13A10D71BB9708D26D718B4 /* [CP] Embed Pods Frameworks */,
			);
			buildRules = (
			);
			dependencies = (
			);
			name = CashMove;
			productName = CashMove;
			productReference = B7AC0BA3222282EA00604360 /* CashMove.app */;
			productType = "com.apple.product-type.application";
		};
/* End PBXNativeTarget section */

/* Begin PBXProject section */
		B7AC0B9B222282EA00604360 /* Project object */ = {
			isa = PBXProject;
			attributes = {
				LastSwiftUpdateCheck = 1010;
				LastUpgradeCheck = 1010;
				ORGANIZATIONNAME = CashMove;
				TargetAttributes = {
					B7AC0BA2222282EA00604360 = {
						CreatedOnToolsVersion = 10.1;
					};
				};
			};
			buildConfigurationList = B7AC0B9E222282EA00604360 /* Build configuration list for PBXProject "CashMove" */;
			compatibilityVersion = "Xcode 9.3";
			developmentRegion = en;
			hasScannedForEncodings = 0;
			knownRegions = (
				en,
				Base,
			);
			mainGroup = B7AC0B9A222282EA00604360;
			productRefGroup = B7AC0BA4222282EA00604360 /* Products */;
			projectDirPath = "";
			projectRoot = "";
			targets = (
				B7AC0BA2222282EA00604360 /* CashMove */,
			);
		};
/* End PBXProject section */

/* Begin PBXResourcesBuildPhase section */
		B7AC0BA1222282EA00604360 /* Resources */ = {
			isa = PBXResourcesBuildPhase;
			buildActionMask = 2147483647;
			files = (
				B7AC0BB3222282EB00604360 /* LaunchScreen.storyboard in Resources */,
				B7AC0BB0222282EB00604360 /* Assets.xcassets in Resources */,
				B7AC0BAE222282EA00604360 /* Main.storyboard in Resources */,
			);
			runOnlyForDeploymentPostprocessing = 0;
		};
/* End PBXResourcesBuildPhase section */

/* Begin PBXShellScriptBuildPhase section */
		79D5864177468F31C5987A82 /* [CP] Check Pods Manifest.lock */ = {
			isa = PBXShellScriptBuildPhase;
			buildActionMask = 2147483647;
			files = (
			);
			inputFileListPaths = (
			);
			inputPaths = (
				"${PODS_PODFILE_DIR_PATH}/Podfile.lock",
				"${PODS_ROOT}/Manifest.lock",
			);
			name = "[CP] Check Pods Manifest.lock";
			outputFileListPaths = (
			);
			outputPaths = (
				"$(DERIVED_FILE_DIR)/Pods-CashMove-checkManifestLockResult.txt",
			);
			runOnlyForDeploymentPostprocessing = 0;
			shellPath = /bin/sh;
			shellScript = "diff \"${PODS_PODFILE_DIR_PATH}/Podfile.lock\" \"${PODS_ROOT}/Manifest.lock\" > /dev/null\nif [ $? != 0 ] ; then\n    # print error to STDERR\n    echo \"error: The sandbox is not in sync with the Podfile.lock. Run 'pod install' or update your CocoaPods installation.\" >&2\n    exit 1\nfi\n# This output is used by Xcode 'outputs' to avoid re-running this script phase.\necho \"SUCCESS\" > \"${SCRIPT_OUTPUT_FILE_0}\"\n";
			showEnvVarsInLog = 0;
		};
		B13A10D71BB9708D26D718B4 /* [CP] Embed Pods Frameworks */ = {
			isa = PBXShellScriptBuildPhase;
			buildActionMask = 2147483647;
			files = (
			);
			inputFileListPaths = (
			);
			inputPaths = (
				"${SRCROOT}/Pods/Target Support Files/Pods-CashMove/Pods-CashMove-frameworks.sh",
				"${BUILT_PRODUCTS_DIR}/RAMAnimatedTabBarController/RAMAnimatedTabBarController.framework",
			);
			name = "[CP] Embed Pods Frameworks";
			outputFileListPaths = (
			);
			outputPaths = (
				"${TARGET_BUILD_DIR}/${FRAMEWORKS_FOLDER_PATH}/RAMAnimatedTabBarController.framework",
			);
			runOnlyForDeploymentPostprocessing = 0;
			shellPath = /bin/sh;
			shellScript = "\"${SRCROOT}/Pods/Target Support Files/Pods-CashMove/Pods-CashMove-frameworks.sh\"\n";
			showEnvVarsInLog = 0;
		};
/* End PBXShellScriptBuildPhase section */

/* Begin PBXSourcesBuildPhase section */
		B7AC0B9F222282EA00604360 /* Sources */ = {
			isa = PBXSourcesBuildPhase;
			buildActionMask = 2147483647;
			files = (
				B7AC0BAB222282EA00604360 /* CategoriesViewController.swift in Sources */,
				B7AC0BA7222282EA00604360 /* AppDelegate.swift in Sources */,
				B7AC0BBD222297A800604360 /* PlacesViewController.swift in Sources */,
				B7AC0BBB2222979C00604360 /* ReceiptsViewController.swift in Sources */,
				B7AC0BC12222B0E700604360 /* CameraButton.swift in Sources */,
				B7AC0BA9222282EA00604360 /* ProfileViewController.swift in Sources */,
			);
			runOnlyForDeploymentPostprocessing = 0;
		};
/* End PBXSourcesBuildPhase section */

/* Begin PBXVariantGroup section */
		B7AC0BAC222282EA00604360 /* Main.storyboard */ = {
			isa = PBXVariantGroup;
			children = (
				B7AC0BAD222282EA00604360 /* Base */,
			);
			name = Main.storyboard;
			sourceTree = "<group>";
		};
		B7AC0BB1222282EB00604360 /* LaunchScreen.storyboard */ = {
			isa = PBXVariantGroup;
			children = (
				B7AC0BB2222282EB00604360 /* Base */,
			);
			name = LaunchScreen.storyboard;
			sourceTree = "<group>";
		};
/* End PBXVariantGroup section */

/* Begin XCBuildConfiguration section */
		B7AC0BB5222282EB00604360 /* Debug */ = {
			isa = XCBuildConfiguration;
			buildSettings = {
				ALWAYS_SEARCH_USER_PATHS = NO;
				CLANG_ANALYZER_NONNULL = YES;
				CLANG_ANALYZER_NUMBER_OBJECT_CONVERSION = YES_AGGRESSIVE;
				CLANG_CXX_LANGUAGE_STANDARD = "gnu++14";
				CLANG_CXX_LIBRARY = "libc++";
				CLANG_ENABLE_MODULES = YES;
				CLANG_ENABLE_OBJC_ARC = YES;
				CLANG_ENABLE_OBJC_WEAK = YES;
				CLANG_WARN_BLOCK_CAPTURE_AUTORELEASING = YES;
				CLANG_WARN_BOOL_CONVERSION = YES;
				CLANG_WARN_COMMA = YES;
				CLANG_WARN_CONSTANT_CONVERSION = YES;
				CLANG_WARN_DEPRECATED_OBJC_IMPLEMENTATIONS = YES;
				CLANG_WARN_DIRECT_OBJC_ISA_USAGE = YES_ERROR;
				CLANG_WARN_DOCUMENTATION_COMMENTS = YES;
				CLANG_WARN_EMPTY_BODY = YES;
				CLANG_WARN_ENUM_CONVERSION = YES;
				CLANG_WARN_INFINITE_RECURSION = YES;
				CLANG_WARN_INT_CONVERSION = YES;
				CLANG_WARN_NON_LITERAL_NULL_CONVERSION = YES;
				CLANG_WARN_OBJC_IMPLICIT_RETAIN_SELF = YES;
				CLANG_WARN_OBJC_LITERAL_CONVERSION = YES;
				CLANG_WARN_OBJC_ROOT_CLASS = YES_ERROR;
				CLANG_WARN_RANGE_LOOP_ANALYSIS = YES;
				CLANG_WARN_STRICT_PROTOTYPES = YES;
				CLANG_WARN_SUSPICIOUS_MOVE = YES;
				CLANG_WARN_UNGUARDED_AVAILABILITY = YES_AGGRESSIVE;
				CLANG_WARN_UNREACHABLE_CODE = YES;
				CLANG_WARN__DUPLICATE_METHOD_MATCH = YES;
				CODE_SIGN_IDENTITY = "iPhone Developer";
				COPY_PHASE_STRIP = NO;
				DEBUG_INFORMATION_FORMAT = dwarf;
				ENABLE_STRICT_OBJC_MSGSEND = YES;
				ENABLE_TESTABILITY = YES;
				GCC_C_LANGUAGE_STANDARD = gnu11;
				GCC_DYNAMIC_NO_PIC = NO;
				GCC_NO_COMMON_BLOCKS = YES;
				GCC_OPTIMIZATION_LEVEL = 0;
				GCC_PREPROCESSOR_DEFINITIONS = (
					"DEBUG=1",
					"$(inherited)",
				);
				GCC_WARN_64_TO_32_BIT_CONVERSION = YES;
				GCC_WARN_ABOUT_RETURN_TYPE = YES_ERROR;
				GCC_WARN_UNDECLARED_SELECTOR = YES;
				GCC_WARN_UNINITIALIZED_AUTOS = YES_AGGRESSIVE;
				GCC_WARN_UNUSED_FUNCTION = YES;
				GCC_WARN_UNUSED_VARIABLE = YES;
				IPHONEOS_DEPLOYMENT_TARGET = 12.1;
				MTL_ENABLE_DEBUG_INFO = INCLUDE_SOURCE;
				MTL_FAST_MATH = YES;
				ONLY_ACTIVE_ARCH = YES;
				SDKROOT = iphoneos;
				SWIFT_ACTIVE_COMPILATION_CONDITIONS = DEBUG;
				SWIFT_OPTIMIZATION_LEVEL = "-Onone";
			};
			name = Debug;
		};
		B7AC0BB6222282EB00604360 /* Release */ = {
			isa = XCBuildConfiguration;
			buildSettings = {
				ALWAYS_SEARCH_USER_PATHS = NO;
				CLANG_ANALYZER_NONNULL = YES;
				CLANG_ANALYZER_NUMBER_OBJECT_CONVERSION = YES_AGGRESSIVE;
				CLANG_CXX_LANGUAGE_STANDARD = "gnu++14";
				CLANG_CXX_LIBRARY = "libc++";
				CLANG_ENABLE_MODULES = YES;
				CLANG_ENABLE_OBJC_ARC = YES;
				CLANG_ENABLE_OBJC_WEAK = YES;
				CLANG_WARN_BLOCK_CAPTURE_AUTORELEASING = YES;
				CLANG_WARN_BOOL_CONVERSION = YES;
				CLANG_WARN_COMMA = YES;
				CLANG_WARN_CONSTANT_CONVERSION = YES;
				CLANG_WARN_DEPRECATED_OBJC_IMPLEMENTATIONS = YES;
				CLANG_WARN_DIRECT_OBJC_ISA_USAGE = YES_ERROR;
				CLANG_WARN_DOCUMENTATION_COMMENTS = YES;
				CLANG_WARN_EMPTY_BODY = YES;
				CLANG_WARN_ENUM_CONVERSION = YES;
				CLANG_WARN_INFINITE_RECURSION = YES;
				CLANG_WARN_INT_CONVERSION = YES;
				CLANG_WARN_NON_LITERAL_NULL_CONVERSION = YES;
				CLANG_WARN_OBJC_IMPLICIT_RETAIN_SELF = YES;
				CLANG_WARN_OBJC_LITERAL_CONVERSION = YES;
				CLANG_WARN_OBJC_ROOT_CLASS = YES_ERROR;
				CLANG_WARN_RANGE_LOOP_ANALYSIS = YES;
				CLANG_WARN_STRICT_PROTOTYPES = YES;
				CLANG_WARN_SUSPICIOUS_MOVE = YES;
				CLANG_WARN_UNGUARDED_AVAILABILITY = YES_AGGRESSIVE;
				CLANG_WARN_UNREACHABLE_CODE = YES;
				CLANG_WARN__DUPLICATE_METHOD_MATCH = YES;
				CODE_SIGN_IDENTITY = "iPhone Developer";
				COPY_PHASE_STRIP = NO;
				DEBUG_INFORMATION_FORMAT = "dwarf-with-dsym";
				ENABLE_NS_ASSERTIONS = NO;
				ENABLE_STRICT_OBJC_MSGSEND = YES;
				GCC_C_LANGUAGE_STANDARD = gnu11;
				GCC_NO_COMMON_BLOCKS = YES;
				GCC_WARN_64_TO_32_BIT_CONVERSION = YES;
				GCC_WARN_ABOUT_RETURN_TYPE = YES_ERROR;
				GCC_WARN_UNDECLARED_SELECTOR = YES;
				GCC_WARN_UNINITIALIZED_AUTOS = YES_AGGRESSIVE;
				GCC_WARN_UNUSED_FUNCTION = YES;
				GCC_WARN_UNUSED_VARIABLE = YES;
				IPHONEOS_DEPLOYMENT_TARGET = 12.1;
				MTL_ENABLE_DEBUG_INFO = NO;
				MTL_FAST_MATH = YES;
				SDKROOT = iphoneos;
				SWIFT_COMPILATION_MODE = wholemodule;
				SWIFT_OPTIMIZATION_LEVEL = "-O";
				VALIDATE_PRODUCT = YES;
			};
			name = Release;
		};
		B7AC0BB8222282EB00604360 /* Debug */ = {
			isa = XCBuildConfiguration;
			baseConfigurationReference = 776086DE75D411772489E2E8 /* Pods-CashMove.debug.xcconfig */;
			buildSettings = {
				ASSETCATALOG_COMPILER_APPICON_NAME = AppIcon;
				CODE_SIGN_STYLE = Automatic;
				DEVELOPMENT_TEAM = WLS2Y9L8B6;
				INFOPLIST_FILE = CashMove/Info.plist;
				IPHONEOS_DEPLOYMENT_TARGET = 11.0;
				LD_RUNPATH_SEARCH_PATHS = (
					"$(inherited)",
					"@executable_path/Frameworks",
				);
				PRODUCT_BUNDLE_IDENTIFIER = com.cashmove.CashMove;
				PRODUCT_NAME = "$(TARGET_NAME)";
				SWIFT_VERSION = 4.2;
				TARGETED_DEVICE_FAMILY = 1;
			};
			name = Debug;
		};
		B7AC0BB9222282EB00604360 /* Release */ = {
			isa = XCBuildConfiguration;
			baseConfigurationReference = 7755AC52B67A1D30F3E93362 /* Pods-CashMove.release.xcconfig */;
			buildSettings = {
				ASSETCATALOG_COMPILER_APPICON_NAME = AppIcon;
				CODE_SIGN_STYLE = Automatic;
				DEVELOPMENT_TEAM = WLS2Y9L8B6;
				INFOPLIST_FILE = CashMove/Info.plist;
				IPHONEOS_DEPLOYMENT_TARGET = 11.0;
				LD_RUNPATH_SEARCH_PATHS = (
					"$(inherited)",
					"@executable_path/Frameworks",
				);
				PRODUCT_BUNDLE_IDENTIFIER = com.cashmove.CashMove;
				PRODUCT_NAME = "$(TARGET_NAME)";
				SWIFT_VERSION = 4.2;
				TARGETED_DEVICE_FAMILY = 1;
			};
			name = Release;
		};
/* End XCBuildConfiguration section */

/* Begin XCConfigurationList section */
		B7AC0B9E222282EA00604360 /* Build configuration list for PBXProject "CashMove" */ = {
			isa = XCConfigurationList;
			buildConfigurations = (
				B7AC0BB5222282EB00604360 /* Debug */,
				B7AC0BB6222282EB00604360 /* Release */,
			);
			defaultConfigurationIsVisible = 0;
			defaultConfigurationName = Release;
		};
		B7AC0BB7222282EB00604360 /* Build configuration list for PBXNativeTarget "CashMove" */ = {
			isa = XCConfigurationList;
			buildConfigurations = (
				B7AC0BB8222282EB00604360 /* Debug */,
				B7AC0BB9222282EB00604360 /* Release */,
			);
			defaultConfigurationIsVisible = 0;
			defaultConfigurationName = Release;
		};
/* End XCConfigurationList section */
	};
	rootObject = B7AC0B9B222282EA00604360 /* Project object */;
}
